<?xml version="1.0" encoding="utf-8"?>
<Project ToolsVersion="4.0" xmlns="http://schemas.microsoft.com/developer/msbuild/2003">
  <ItemGroup>
    <Filter Include="Source Files">
      <UniqueIdentifier>{4FC737F1-C7A5-4376-A066-2A32D752A2FF}</UniqueIdentifier>
      <Extensions>cpp;c;cc;cxx;c++;cppm;ixx;def;odl;idl;hpj;bat;asm;asmx</Extensions>
    </Filter>
    <Filter Include="Header Files">
      <UniqueIdentifier>{93995380-89BD-4b04-88EB-625FBE52EBFB}</UniqueIdentifier>
      <Extensions>h;hh;hpp;hxx;h++;hm;inl;inc;ipp;xsd</Extensions>
    </Filter>
    <Filter Include="Input">
      <UniqueIdentifier>{eb562fbe-ba04-44b4-96af-1f09ff7af416}</UniqueIdentifier>
    </Filter>
    <Filter Include="Input Samples">
      <UniqueIdentifier>{8bcf9993-d9c1-4433-9aa5-3ec5bfa5b876}</UniqueIdentifier>
    </Filter>
    <Filter Include="Solutions">
      <UniqueIdentifier>{83784941-91ba-4853-8f46-9b04802efc65}</UniqueIdentifier>
    </Filter>
    <Filter Include="Puzzles">
      <UniqueIdentifier>{bdc54467-bcc9-45a8-8745-77a733f9fdc7}</UniqueIdentifier>
    </Filter>
  </ItemGroup>
  <ItemGroup>
    <ClCompile Include="AdventOfCode.cpp">
      <Filter>Source Files</Filter>
    </ClCompile>
    <ClCompile Include="pch.cpp">
      <Filter>Source Files</Filter>
    </ClCompile>
    <ClCompile Include="CodeGenerator.cpp">
      <Filter>Source Files</Filter>
    </ClCompile>
    <ClCompile Include="Puzzle01A.cpp">
      <Filter>Solutions</Filter>
    </ClCompile>
    <ClCompile Include="Puzzle01B.cpp">
      <Filter>Solutions</Filter>
    </ClCompile>
    <ClCompile Include="Puzzle02A.cpp">
      <Filter>Solutions</Filter>
    </ClCompile>
    <ClCompile Include="Puzzle02B.cpp">
      <Filter>Solutions</Filter>
    </ClCompile>
    <ClCompile Include="Puzzle03A.cpp">
      <Filter>Solutions</Filter>
    </ClCompile>
    <ClCompile Include="Puzzle03B.cpp">
      <Filter>Solutions</Filter>
    </ClCompile>
    <ClCompile Include="Puzzle04A.cpp">
      <Filter>Solutions</Filter>
    </ClCompile>
    <ClCompile Include="Puzzle04B.cpp">
      <Filter>Solutions</Filter>
    </ClCompile>
    <ClCompile Include="Puzzle05A.cpp">
      <Filter>Solutions</Filter>
    </ClCompile>
    <ClCompile Include="Puzzle05B.cpp">
      <Filter>Solutions</Filter>
    </ClCompile>
    <ClCompile Include="Puzzle06A.cpp">
      <Filter>Solutions</Filter>
    </ClCompile>
    <ClCompile Include="Puzzle06B.cpp">
      <Filter>Solutions</Filter>
    </ClCompile>
    <ClCompile Include="Puzzle07A.cpp">
      <Filter>Solutions</Filter>
    </ClCompile>
    <ClCompile Include="Puzzle07B.cpp">
      <Filter>Solutions</Filter>
    </ClCompile>
    <ClCompile Include="Puzzle08A.cpp">
      <Filter>Solutions</Filter>
    </ClCompile>
    <ClCompile Include="Puzzle08B.cpp">
      <Filter>Solutions</Filter>
    </ClCompile>
    <ClCompile Include="Puzzle09A.cpp">
      <Filter>Solutions</Filter>
    </ClCompile>
    <ClCompile Include="Puzzle09B.cpp">
      <Filter>Solutions</Filter>
    </ClCompile>
    <ClCompile Include="Puzzle10A.cpp">
      <Filter>Solutions</Filter>
    </ClCompile>
    <ClCompile Include="Puzzle10B.cpp">
      <Filter>Solutions</Filter>
    </ClCompile>
    <ClCompile Include="Puzzle11A.cpp">
      <Filter>Solutions</Filter>
    </ClCompile>
    <ClCompile Include="Puzzle11B.cpp">
      <Filter>Solutions</Filter>
    </ClCompile>
    <ClCompile Include="Puzzle12A.cpp">
      <Filter>Solutions</Filter>
    </ClCompile>
    <ClCompile Include="Puzzle12B.cpp">
      <Filter>Solutions</Filter>
    </ClCompile>
    <ClCompile Include="Puzzle13A.cpp">
      <Filter>Solutions</Filter>
    </ClCompile>
    <ClCompile Include="Puzzle13B.cpp">
      <Filter>Solutions</Filter>
    </ClCompile>
    <ClCompile Include="Puzzle14A.cpp">
      <Filter>Solutions</Filter>
    </ClCompile>
    <ClCompile Include="Puzzle14B.cpp">
      <Filter>Solutions</Filter>
    </ClCompile>
    <ClCompile Include="Puzzle15A.cpp">
      <Filter>Solutions</Filter>
    </ClCompile>
    <ClCompile Include="Puzzle15B.cpp">
      <Filter>Solutions</Filter>
    </ClCompile>
    <ClCompile Include="Puzzle16A.cpp">
      <Filter>Solutions</Filter>
    </ClCompile>
    <ClCompile Include="Puzzle16B.cpp">
      <Filter>Solutions</Filter>
    </ClCompile>
    <ClCompile Include="Puzzle17A.cpp">
      <Filter>Solutions</Filter>
    </ClCompile>
    <ClCompile Include="Puzzle17B.cpp">
      <Filter>Solutions</Filter>
    </ClCompile>
    <ClCompile Include="Puzzle18A.cpp">
      <Filter>Solutions</Filter>
    </ClCompile>
    <ClCompile Include="Puzzle18B.cpp">
      <Filter>Solutions</Filter>
    </ClCompile>
    <ClCompile Include="Puzzle19A.cpp">
      <Filter>Solutions</Filter>
    </ClCompile>
    <ClCompile Include="Puzzle19B.cpp">
      <Filter>Solutions</Filter>
    </ClCompile>
    <ClCompile Include="Puzzle20A.cpp">
      <Filter>Solutions</Filter>
    </ClCompile>
    <ClCompile Include="Puzzle20B.cpp">
      <Filter>Solutions</Filter>
    </ClCompile>
    <ClCompile Include="Puzzle21A.cpp">
      <Filter>Solutions</Filter>
    </ClCompile>
    <ClCompile Include="Puzzle21B.cpp">
      <Filter>Solutions</Filter>
    </ClCompile>
    <ClCompile Include="Puzzle22A.cpp">
      <Filter>Solutions</Filter>
    </ClCompile>
    <ClCompile Include="Puzzle22B.cpp">
      <Filter>Solutions</Filter>
    </ClCompile>
    <ClCompile Include="Puzzle23A.cpp">
      <Filter>Solutions</Filter>
    </ClCompile>
    <ClCompile Include="Puzzle23B.cpp">
      <Filter>Solutions</Filter>
    </ClCompile>
    <ClCompile Include="Puzzle24A.cpp">
      <Filter>Solutions</Filter>
    </ClCompile>
    <ClCompile Include="Puzzle24B.cpp">
      <Filter>Solutions</Filter>
    </ClCompile>
    <ClCompile Include="Puzzle25A.cpp">
      <Filter>Solutions</Filter>
    </ClCompile>
    <ClCompile Include="Puzzle25B.cpp">
      <Filter>Solutions</Filter>
    </ClCompile>
  </ItemGroup>
  <ItemGroup>
    <ClInclude Include="pch.h">
      <Filter>Header Files</Filter>
    </ClInclude>
    <ClInclude Include="CodeGenerator.h">
      <Filter>Header Files</Filter>
    </ClInclude>
    <ClInclude Include="PuzzleSolvers.h">
      <Filter>Header Files</Filter>
    </ClInclude>
    <ClInclude Include="Colors.h">
      <Filter>Header Files</Filter>
    </ClInclude>
  </ItemGroup>
  <ItemGroup>
    <CopyFileToFolders Include="Puzzle01.input">
      <Filter>Input</Filter>
    </CopyFileToFolders>
    <CopyFileToFolders Include="Puzzle02.input">
      <Filter>Input</Filter>
    </CopyFileToFolders>
    <CopyFileToFolders Include="Puzzle03.input">
      <Filter>Input</Filter>
    </CopyFileToFolders>
    <CopyFileToFolders Include="Puzzle04.input">
      <Filter>Input</Filter>
    </CopyFileToFolders>
    <CopyFileToFolders Include="Puzzle05.input">
      <Filter>Input</Filter>
    </CopyFileToFolders>
    <CopyFileToFolders Include="Puzzle06.input">
      <Filter>Input</Filter>
    </CopyFileToFolders>
    <CopyFileToFolders Include="Puzzle07.input">
      <Filter>Input</Filter>
    </CopyFileToFolders>
    <CopyFileToFolders Include="Puzzle08.input">
      <Filter>Input</Filter>
    </CopyFileToFolders>
    <CopyFileToFolders Include="Puzzle09.input">
      <Filter>Input</Filter>
    </CopyFileToFolders>
    <CopyFileToFolders Include="Puzzle10.input">
      <Filter>Input</Filter>
    </CopyFileToFolders>
    <CopyFileToFolders Include="Puzzle11.input">
      <Filter>Input</Filter>
    </CopyFileToFolders>
    <CopyFileToFolders Include="Puzzle12.input">
      <Filter>Input</Filter>
    </CopyFileToFolders>
    <CopyFileToFolders Include="Puzzle13.input">
      <Filter>Input</Filter>
    </CopyFileToFolders>
    <CopyFileToFolders Include="Puzzle14.input">
      <Filter>Input</Filter>
    </CopyFileToFolders>
    <CopyFileToFolders Include="Puzzle15.input">
      <Filter>Input</Filter>
    </CopyFileToFolders>
    <CopyFileToFolders Include="Puzzle16.input">
      <Filter>Input</Filter>
    </CopyFileToFolders>
    <CopyFileToFolders Include="Puzzle17.input">
      <Filter>Input</Filter>
    </CopyFileToFolders>
    <CopyFileToFolders Include="Puzzle18.input">
      <Filter>Input</Filter>
    </CopyFileToFolders>
    <CopyFileToFolders Include="Puzzle19.input">
      <Filter>Input</Filter>
    </CopyFileToFolders>
    <CopyFileToFolders Include="Puzzle20.input">
      <Filter>Input</Filter>
    </CopyFileToFolders>
    <CopyFileToFolders Include="Puzzle21.input">
      <Filter>Input</Filter>
    </CopyFileToFolders>
    <CopyFileToFolders Include="Puzzle22.input">
      <Filter>Input</Filter>
    </CopyFileToFolders>
    <CopyFileToFolders Include="Puzzle23.input">
      <Filter>Input</Filter>
    </CopyFileToFolders>
    <CopyFileToFolders Include="Puzzle24.input">
      <Filter>Input</Filter>
    </CopyFileToFolders>
    <CopyFileToFolders Include="Puzzle25.input">
      <Filter>Input</Filter>
    </CopyFileToFolders>
    <CopyFileToFolders Include="Puzzle01SampleA.input">
      <Filter>Input Samples</Filter>
    </CopyFileToFolders>
    <CopyFileToFolders Include="Puzzle02SampleA.input">
      <Filter>Input Samples</Filter>
    </CopyFileToFolders>
    <CopyFileToFolders Include="Puzzle03SampleA.input">
      <Filter>Input Samples</Filter>
    </CopyFileToFolders>
    <CopyFileToFolders Include="Puzzle04SampleA.input">
      <Filter>Input Samples</Filter>
    </CopyFileToFolders>
    <CopyFileToFolders Include="Puzzle05SampleA.input">
      <Filter>Input Samples</Filter>
    </CopyFileToFolders>
    <CopyFileToFolders Include="Puzzle06SampleA.input">
      <Filter>Input Samples</Filter>
    </CopyFileToFolders>
    <CopyFileToFolders Include="Puzzle07SampleA.input">
      <Filter>Input Samples</Filter>
    </CopyFileToFolders>
    <CopyFileToFolders Include="Puzzle08SampleA.input">
      <Filter>Input Samples</Filter>
    </CopyFileToFolders>
    <CopyFileToFolders Include="Puzzle09SampleA.input">
      <Filter>Input Samples</Filter>
    </CopyFileToFolders>
    <CopyFileToFolders Include="Puzzle10SampleA.input">
      <Filter>Input Samples</Filter>
    </CopyFileToFolders>
    <CopyFileToFolders Include="Puzzle11SampleA.input">
      <Filter>Input Samples</Filter>
    </CopyFileToFolders>
    <CopyFileToFolders Include="Puzzle12SampleA.input">
      <Filter>Input Samples</Filter>
    </CopyFileToFolders>
    <CopyFileToFolders Include="Puzzle13SampleA.input">
      <Filter>Input Samples</Filter>
    </CopyFileToFolders>
    <CopyFileToFolders Include="Puzzle14SampleA.input">
      <Filter>Input Samples</Filter>
    </CopyFileToFolders>
    <CopyFileToFolders Include="Puzzle15SampleA.input">
      <Filter>Input Samples</Filter>
    </CopyFileToFolders>
    <CopyFileToFolders Include="Puzzle16SampleA.input">
      <Filter>Input Samples</Filter>
    </CopyFileToFolders>
    <CopyFileToFolders Include="Puzzle17SampleA.input">
      <Filter>Input Samples</Filter>
    </CopyFileToFolders>
    <CopyFileToFolders Include="Puzzle18SampleA.input">
      <Filter>Input Samples</Filter>
    </CopyFileToFolders>
    <CopyFileToFolders Include="Puzzle19SampleA.input">
      <Filter>Input Samples</Filter>
    </CopyFileToFolders>
    <CopyFileToFolders Include="Puzzle20SampleA.input">
      <Filter>Input Samples</Filter>
    </CopyFileToFolders>
    <CopyFileToFolders Include="Puzzle21SampleA.input">
      <Filter>Input Samples</Filter>
    </CopyFileToFolders>
    <CopyFileToFolders Include="Puzzle22SampleA.input">
      <Filter>Input Samples</Filter>
    </CopyFileToFolders>
    <CopyFileToFolders Include="Puzzle23SampleA.input">
      <Filter>Input Samples</Filter>
    </CopyFileToFolders>
    <CopyFileToFolders Include="Puzzle24SampleA.input">
      <Filter>Input Samples</Filter>
    </CopyFileToFolders>
    <CopyFileToFolders Include="Puzzle25SampleA.input">
      <Filter>Input Samples</Filter>
    </CopyFileToFolders>
  </ItemGroup>
  <ItemGroup>
    <Text Include="PuzzleTemplate.txt">
      <Filter>Source Files</Filter>
    </Text>
    <Text Include="Puzzle01SampleB.input">
      <Filter>Input Samples</Filter>
    </Text>
  </ItemGroup>
  <ItemGroup>
    <None Include="AdventOfCode.args.json" />
    <None Include="packages.config" />
    <None Include="Puzzle01A.md">
      <Filter>Puzzles</Filter>
    </None>
    <None Include="Puzzle01B.md">
      <Filter>Puzzles</Filter>
    </None>
    <None Include="Puzzle02A.md">
      <Filter>Puzzles</Filter>
    </None>
    <None Include="Puzzle02B.md">
      <Filter>Puzzles</Filter>
    </None>
    <None Include="Puzzle03A.md">
      <Filter>Puzzles</Filter>
    </None>
    <None Include="Puzzle03B.md">
      <Filter>Puzzles</Filter>
    </None>
    <None Include="Puzzle04A.md">
      <Filter>Puzzles</Filter>
    </None>
    <None Include="Puzzle04B.md">
      <Filter>Puzzles</Filter>
    </None>
    <None Include="Puzzle05A.md">
      <Filter>Puzzles</Filter>
    </None>
    <None Include="Puzzle05B.md">
      <Filter>Puzzles</Filter>
    </None>
    <None Include="Puzzle06A.md">
      <Filter>Puzzles</Filter>
    </None>
    <None Include="Puzzle06B.md">
      <Filter>Puzzles</Filter>
    </None>
    <None Include="Puzzle07A.md">
      <Filter>Puzzles</Filter>
    </None>
    <None Include="Puzzle07B.md">
      <Filter>Puzzles</Filter>
    </None>
    <None Include="Puzzle08A.md">
      <Filter>Puzzles</Filter>
    </None>
    <None Include="Puzzle08B.md">
      <Filter>Puzzles</Filter>
    </None>
    <None Include="Puzzle09A.md">
      <Filter>Puzzles</Filter>
    </None>
    <None Include="Puzzle09B.md">
      <Filter>Puzzles</Filter>
    </None>
    <None Include="Puzzle10A.md">
      <Filter>Puzzles</Filter>
    </None>
    <None Include="Puzzle10B.md">
      <Filter>Puzzles</Filter>
    </None>
    <None Include="Puzzle11A.md">
      <Filter>Puzzles</Filter>
    </None>
    <None Include="Puzzle11B.md">
      <Filter>Puzzles</Filter>
    </None>
    <None Include="Puzzle12A.md">
      <Filter>Puzzles</Filter>
    </None>
    <None Include="Puzzle12B.md">
      <Filter>Puzzles</Filter>
    </None>
    <None Include="Puzzle13A.md">
      <Filter>Puzzles</Filter>
    </None>
    <None Include="Puzzle13B.md">
      <Filter>Puzzles</Filter>
    </None>
    <None Include="Puzzle14A.md">
      <Filter>Puzzles</Filter>
    </None>
    <None Include="Puzzle14B.md">
      <Filter>Puzzles</Filter>
    </None>
    <None Include="Puzzle15A.md">
      <Filter>Puzzles</Filter>
    </None>
    <None Include="Puzzle15B.md">
      <Filter>Puzzles</Filter>
    </None>
    <None Include="Puzzle16A.md">
      <Filter>Puzzles</Filter>
    </None>
    <None Include="Puzzle16B.md">
      <Filter>Puzzles</Filter>
    </None>
    <None Include="Puzzle17A.md">
      <Filter>Puzzles</Filter>
    </None>
    <None Include="Puzzle17B.md">
      <Filter>Puzzles</Filter>
    </None>
    <None Include="Puzzle18A.md">
      <Filter>Puzzles</Filter>
    </None>
    <None Include="Puzzle18B.md">
      <Filter>Puzzles</Filter>
    </None>
    <None Include="Puzzle19A.md">
      <Filter>Puzzles</Filter>
    </None>
    <None Include="Puzzle19B.md">
      <Filter>Puzzles</Filter>
    </None>
    <None Include="Puzzle20A.md">
      <Filter>Puzzles</Filter>
    </None>
    <None Include="Puzzle20B.md">
      <Filter>Puzzles</Filter>
    </None>
    <None Include="Puzzle21A.md">
      <Filter>Puzzles</Filter>
    </None>
    <None Include="Puzzle21B.md">
      <Filter>Puzzles</Filter>
    </None>
    <None Include="Puzzle22A.md">
      <Filter>Puzzles</Filter>
    </None>
    <None Include="Puzzle22B.md">
      <Filter>Puzzles</Filter>
    </None>
    <None Include="Puzzle23A.md">
      <Filter>Puzzles</Filter>
    </None>
    <None Include="Puzzle23B.md">
      <Filter>Puzzles</Filter>
    </None>
    <None Include="Puzzle24A.md">
      <Filter>Puzzles</Filter>
    </None>
    <None Include="Puzzle24B.md">
      <Filter>Puzzles</Filter>
    </None>
    <None Include="Puzzle25A.md">
      <Filter>Puzzles</Filter>
    </None>
    <None Include="Puzzle25B.md">
      <Filter>Puzzles</Filter>
    </None>
  </ItemGroup>
</Project>